// !$*UTF8*$!
{
	archiveVersion = 1;
	classes = {
	};
	objectVersion = 50;
	objects = {

/* Begin PBXBuildFile section */
		5E9A5FA521E37FD100FB12BD /* AppDelegate.m in Sources */ = {isa = PBXBuildFile; fileRef = 5E9A5FA421E37FD100FB12BD /* AppDelegate.m */; };
		5E9A5FA821E37FD100FB12BD /* ViewController.m in Sources */ = {isa = PBXBuildFile; fileRef = 5E9A5FA721E37FD100FB12BD /* ViewController.m */; };
		5E9A5FAB21E37FD100FB12BD /* Main.storyboard in Resources */ = {isa = PBXBuildFile; fileRef = 5E9A5FA921E37FD100FB12BD /* Main.storyboard */; };
		5E9A5FAD21E37FD200FB12BD /* Assets.xcassets in Resources */ = {isa = PBXBuildFile; fileRef = 5E9A5FAC21E37FD200FB12BD /* Assets.xcassets */; };
		5E9A5FB021E37FD200FB12BD /* LaunchScreen.storyboard in Resources */ = {isa = PBXBuildFile; fileRef = 5E9A5FAE21E37FD200FB12BD /* LaunchScreen.storyboard */; };
		5E9A5FB321E37FD200FB12BD /* main.m in Sources */ = {isa = PBXBuildFile; fileRef = 5E9A5FB221E37FD200FB12BD /* main.m */; };
		5E9A5FBD21E37FD200FB12BD /* APP__Tests.m in Sources */ = {isa = PBXBuildFile; fileRef = 5E9A5FBC21E37FD200FB12BD /* APP__Tests.m */; };
		5E9A5FC821E37FD200FB12BD /* APP__UITests.m in Sources */ = {isa = PBXBuildFile; fileRef = 5E9A5FC721E37FD200FB12BD /* APP__UITests.m */; };
/* End PBXBuildFile section */

/* Begin PBXContainerItemProxy section */
		5E9A5FB921E37FD200FB12BD /* PBXContainerItemProxy */ = {
			isa = PBXContainerItemProxy;
			containerPortal = 5E9A5F9821E37FD100FB12BD /* Project object */;
			proxyType = 1;
			remoteGlobalIDString = 5E9A5F9F21E37FD100FB12BD;
			remoteInfo = "APP启动";
		};
		5E9A5FC421E37FD200FB12BD /* PBXContainerItemProxy */ = {
			isa = PBXContainerItemProxy;
			containerPortal = 5E9A5F9821E37FD100FB12BD /* Project object */;
			proxyType = 1;
			remoteGlobalIDString = 5E9A5F9F21E37FD100FB12BD;
			remoteInfo = "APP启动";
		};
/* End PBXContainerItemProxy section */

/* Begin PBXFileReference section */
		5E9A5FA021E37FD100FB12BD /* APP启动.app */ = {isa = PBXFileReference; explicitFileType = wrapper.application; includeInIndex = 0; path = "APP启动.app"; sourceTree = BUILT_PRODUCTS_DIR; };
		5E9A5FA321E37FD100FB12BD /* AppDelegate.h */ = {isa = PBXFileReference; lastKnownFileType = sourcecode.c.h; path = AppDelegate.h; sourceTree = "<group>"; };
		5E9A5FA421E37FD100FB12BD /* AppDelegate.m */ = {isa = PBXFileReference; lastKnownFileType = sourcecode.c.objc; path = AppDelegate.m; sourceTree = "<group>"; };
		5E9A5FA621E37FD100FB12BD /* ViewController.h */ = {isa = PBXFileReference; lastKnownFileType = sourcecode.c.h; path = ViewController.h; sourceTree = "<group>"; };
		5E9A5FA721E37FD100FB12BD /* ViewController.m */ = {isa = PBXFileReference; lastKnownFileType = sourcecode.c.objc; path = ViewController.m; sourceTree = "<group>"; };
		5E9A5FAA21E37FD100FB12BD /* Base */ = {isa = PBXFileReference; lastKnownFileType = file.storyboard; name = Base; path = Base.lproj/Main.storyboard; sourceTree = "<group>"; };
		5E9A5FAC21E37FD200FB12BD /* Assets.xcassets */ = {isa = PBXFileReference; lastKnownFileType = folder.assetcatalog; path = Assets.xcassets; sourceTree = "<group>"; };
		5E9A5FAF21E37FD200FB12BD /* Base */ = {isa = PBXFileReference; lastKnownFileType = file.storyboard; name = Base; path = Base.lproj/LaunchScreen.storyboard; sourceTree = "<group>"; };
		5E9A5FB121E37FD200FB12BD /* Info.plist */ = {isa = PBXFileReference; lastKnownFileType = text.plist.xml; path = Info.plist; sourceTree = "<group>"; };
		5E9A5FB221E37FD200FB12BD /* main.m */ = {isa = PBXFileReference; lastKnownFileType = sourcecode.c.objc; path = main.m; sourceTree = "<group>"; };
		5E9A5FB821E37FD200FB12BD /* APP启动Tests.xctest */ = {isa = PBXFileReference; explicitFileType = wrapper.cfbundle; includeInIndex = 0; path = "APP启动Tests.xctest"; sourceTree = BUILT_PRODUCTS_DIR; };
		5E9A5FBC21E37FD200FB12BD /* APP__Tests.m */ = {isa = PBXFileReference; lastKnownFileType = sourcecode.c.objc; path = APP__Tests.m; sourceTree = "<group>"; };
		5E9A5FBE21E37FD200FB12BD /* Info.plist */ = {isa = PBXFileReference; lastKnownFileType = text.plist.xml; path = Info.plist; sourceTree = "<group>"; };
		5E9A5FC321E37FD200FB12BD /* APP启动UITests.xctest */ = {isa = PBXFileReference; explicitFileType = wrapper.cfbundle; includeInIndex = 0; path = "APP启动UITests.xctest"; sourceTree = BUILT_PRODUCTS_DIR; };
		5E9A5FC721E37FD200FB12BD /* APP__UITests.m */ = {isa = PBXFileReference; lastKnownFileType = sourcecode.c.objc; path = APP__UITests.m; sourceTree = "<group>"; };
		5E9A5FC921E37FD200FB12BD /* Info.plist */ = {isa = PBXFileReference; lastKnownFileType = text.plist.xml; path = Info.plist; sourceTree = "<group>"; };
/* End PBXFileReference section */

/* Begin PBXFrameworksBuildPhase section */
		5E9A5F9D21E37FD100FB12BD /* Frameworks */ = {
			isa = PBXFrameworksBuildPhase;
			buildActionMask = 2147483647;
			files = (
			);
			runOnlyForDeploymentPostprocessing = 0;
		};
		5E9A5FB521E37FD200FB12BD /* Frameworks */ = {
			isa = PBXFrameworksBuildPhase;
			buildActionMask = 2147483647;
			files = (
			);
			runOnlyForDeploymentPostprocessing = 0;
		};
		5E9A5FC021E37FD200FB12BD /* Frameworks */ = {
			isa = PBXFrameworksBuildPhase;
			buildActionMask = 2147483647;
			files = (
			);
			runOnlyForDeploymentPostprocessing = 0;
		};
/* End PBXFrameworksBuildPhase section */

/* Begin PBXGroup section */
		5E9A5F9721E37FD100FB12BD = {
			isa = PBXGroup;
			children = (
				5E9A5FA221E37FD100FB12BD /* APP启动 */,
				5E9A5FBB21E37FD200FB12BD /* APP启动Tests */,
				5E9A5FC621E37FD200FB12BD /* APP启动UITests */,
				5E9A5FA121E37FD100FB12BD /* Products */,
			);
			sourceTree = "<group>";
		};
		5E9A5FA121E37FD100FB12BD /* Products */ = {
			isa = PBXGroup;
			children = (
				5E9A5FA021E37FD100FB12BD /* APP启动.app */,
				5E9A5FB821E37FD200FB12BD /* APP启动Tests.xctest */,
				5E9A5FC321E37FD200FB12BD /* APP启动UITests.xctest */,
			);
			name = Products;
			sourceTree = "<group>";
		};
		5E9A5FA221E37FD100FB12BD /* APP启动 */ = {
			isa = PBXGroup;
			children = (
				5E9A5FA321E37FD100FB12BD /* AppDelegate.h */,
				5E9A5FA421E37FD100FB12BD /* AppDelegate.m */,
				5E9A5FA621E37FD100FB12BD /* ViewController.h */,
				5E9A5FA721E37FD100FB12BD /* ViewController.m */,
				5E9A5FA921E37FD100FB12BD /* Main.storyboard */,
				5E9A5FAC21E37FD200FB12BD /* Assets.xcassets */,
				5E9A5FAE21E37FD200FB12BD /* LaunchScreen.storyboard */,
				5E9A5FB121E37FD200FB12BD /* Info.plist */,
				5E9A5FB221E37FD200FB12BD /* main.m */,
			);
			path = "APP启动";
			sourceTree = "<group>";
		};
		5E9A5FBB21E37FD200FB12BD /* APP启动Tests */ = {
			isa = PBXGroup;
			children = (
				5E9A5FBC21E37FD200FB12BD /* APP__Tests.m */,
				5E9A5FBE21E37FD200FB12BD /* Info.plist */,
			);
			path = "APP启动Tests";
			sourceTree = "<group>";
		};
		5E9A5FC621E37FD200FB12BD /* APP启动UITests */ = {
			isa = PBXGroup;
			children = (
				5E9A5FC721E37FD200FB12BD /* APP__UITests.m */,
				5E9A5FC921E37FD200FB12BD /* Info.plist */,
			);
			path = "APP启动UITests";
			sourceTree = "<group>";
		};
/* End PBXGroup section */

/* Begin PBXNativeTarget section */
		5E9A5F9F21E37FD100FB12BD /* APP启动 */ = {
			isa = PBXNativeTarget;
			buildConfigurationList = 5E9A5FCC21E37FD200FB12BD /* Build configuration list for PBXNativeTarget "APP启动" */;
			buildPhases = (
				5E9A5F9C21E37FD100FB12BD /* Sources */,
				5E9A5F9D21E37FD100FB12BD /* Frameworks */,
				5E9A5F9E21E37FD100FB12BD /* Resources */,
			);
			buildRules = (
			);
			dependencies = (
			);
			name = "APP启动";
			productName = "APP启动";
			productReference = 5E9A5FA021E37FD100FB12BD /* APP启动.app */;
			productType = "com.apple.product-type.application";
		};
		5E9A5FB721E37FD200FB12BD /* APP启动Tests */ = {
			isa = PBXNativeTarget;
			buildConfigurationList = 5E9A5FCF21E37FD200FB12BD /* Build configuration list for PBXNativeTarget "APP启动Tests" */;
			buildPhases = (
				5E9A5FB421E37FD200FB12BD /* Sources */,
				5E9A5FB521E37FD200FB12BD /* Frameworks */,
				5E9A5FB621E37FD200FB12BD /* Resources */,
			);
			buildRules = (
			);
			dependencies = (
				5E9A5FBA21E37FD200FB12BD /* PBXTargetDependency */,
			);
			name = "APP启动Tests";
			productName = "APP启动Tests";
			productReference = 5E9A5FB821E37FD200FB12BD /* APP启动Tests.xctest */;
			productType = "com.apple.product-type.bundle.unit-test";
		};
		5E9A5FC221E37FD200FB12BD /* APP启动UITests */ = {
			isa = PBXNativeTarget;
			buildConfigurationList = 5E9A5FD221E37FD200FB12BD /* Build configuration list for PBXNativeTarget "APP启动UITests" */;
			buildPhases = (
				5E9A5FBF21E37FD200FB12BD /* Sources */,
				5E9A5FC021E37FD200FB12BD /* Frameworks */,
				5E9A5FC121E37FD200FB12BD /* Resources */,
			);
			buildRules = (
			);
			dependencies = (
				5E9A5FC521E37FD200FB12BD /* PBXTargetDependency */,
			);
			name = "APP启动UITests";
			productName = "APP启动UITests";
			productReference = 5E9A5FC321E37FD200FB12BD /* APP启动UITests.xctest */;
			productType = "com.apple.product-type.bundle.ui-testing";
		};
/* End PBXNativeTarget section */

/* Begin PBXProject section */
		5E9A5F9821E37FD100FB12BD /* Project object */ = {
			isa = PBXProject;
			attributes = {
				LastUpgradeCheck = 1000;
				ORGANIZATIONNAME = liujia;
				TargetAttributes = {
					5E9A5F9F21E37FD100FB12BD = {
						CreatedOnToolsVersion = 10.0;
					};
					5E9A5FB721E37FD200FB12BD = {
						CreatedOnToolsVersion = 10.0;
						TestTargetID = 5E9A5F9F21E37FD100FB12BD;
					};
					5E9A5FC221E37FD200FB12BD = {
						CreatedOnToolsVersion = 10.0;
						TestTargetID = 5E9A5F9F21E37FD100FB12BD;
					};
				};
			};
			buildConfigurationList = 5E9A5F9B21E37FD100FB12BD /* Build configuration list for PBXProject "APP启动" */;
			compatibilityVersion = "Xcode 9.3";
			developmentRegion = en;
			hasScannedForEncodings = 0;
			knownRegions = (
				en,
				Base,
			);
			mainGroup = 5E9A5F9721E37FD100FB12BD;
			productRefGroup = 5E9A5FA121E37FD100FB12BD /* Products */;
			projectDirPath = "";
			projectRoot = "";
			targets = (
				5E9A5F9F21E37FD100FB12BD /* APP启动 */,
				5E9A5FB721E37FD200FB12BD /* APP启动Tests */,
				5E9A5FC221E37FD200FB12BD /* APP启动UITests */,
			);
		};
/* End PBXProject section */

/* Begin PBXResourcesBuildPhase section */
		5E9A5F9E21E37FD100FB12BD /* Resources */ = {
			isa = PBXResourcesBuildPhase;
			buildActionMask = 2147483647;
			files = (
				5E9A5FB021E37FD200FB12BD /* LaunchScreen.storyboard in Resources */,
				5E9A5FAD21E37FD200FB12BD /* Assets.xcassets in Resources */,
				5E9A5FAB21E37FD100FB12BD /* Main.storyboard in Resources */,
			);
			runOnlyForDeploymentPostprocessing = 0;
		};
		5E9A5FB621E37FD200FB12BD /* Resources */ = {
			isa = PBXResourcesBuildPhase;
			buildActionMask = 2147483647;
			files = (
			);
			runOnlyForDeploymentPostprocessing = 0;
		};
		5E9A5FC121E37FD200FB12BD /* Resources */ = {
			isa = PBXResourcesBuildPhase;
			buildActionMask = 2147483647;
			files = (
			);
			runOnlyForDeploymentPostprocessing = 0;
		};
/* End PBXResourcesBuildPhase section */

/* Begin PBXSourcesBuildPhase section */
		5E9A5F9C21E37FD100FB12BD /* Sources */ = {
			isa = PBXSourcesBuildPhase;
			buildActionMask = 2147483647;
			files = (
				5E9A5FA821E37FD100FB12BD /* ViewController.m in Sources */,
				5E9A5FB321E37FD200FB12BD /* main.m in Sources */,
				5E9A5FA521E37FD100FB12BD /* AppDelegate.m in Sources */,
			);
			runOnlyForDeploymentPostprocessing = 0;
		};
		5E9A5FB421E37FD200FB12BD /* Sources */ = {
			isa = PBXSourcesBuildPhase;
			buildActionMask = 2147483647;
			files = (
				5E9A5FBD21E37FD200FB12BD /* APP__Tests.m in Sources */,
			);
			runOnlyForDeploymentPostprocessing = 0;
		};
		5E9A5FBF21E37FD200FB12BD /* Sources */ = {
			isa = PBXSourcesBuildPhase;
			buildActionMask = 2147483647;
			files = (
				5E9A5FC821E37FD200FB12BD /* APP__UITests.m in Sources */,
			);
			runOnlyForDeploymentPostprocessing = 0;
		};
/* End PBXSourcesBuildPhase section */

/* Begin PBXTargetDependency section */
		5E9A5FBA21E37FD200FB12BD /* PBXTargetDependency */ = {
			isa = PBXTargetDependency;
			target = 5E9A5F9F21E37FD100FB12BD /* APP启动 */;
			targetProxy = 5E9A5FB921E37FD200FB12BD /* PBXContainerItemProxy */;
		};
		5E9A5FC521E37FD200FB12BD /* PBXTargetDependency */ = {
			isa = PBXTargetDependency;
			target = 5E9A5F9F21E37FD100FB12BD /* APP启动 */;
			targetProxy = 5E9A5FC421E37FD200FB12BD /* PBXContainerItemProxy */;
		};
/* End PBXTargetDependency section */

/* Begin PBXVariantGroup section */
		5E9A5FA921E37FD100FB12BD /* Main.storyboard */ = {
			isa = PBXVariantGroup;
			children = (
				5E9A5FAA21E37FD100FB12BD /* Base */,
			);
			name = Main.storyboard;
			sourceTree = "<group>";
		};
		5E9A5FAE21E37FD200FB12BD /* LaunchScreen.storyboard */ = {
			isa = PBXVariantGroup;
			children = (
				5E9A5FAF21E37FD200FB12BD /* Base */,
			);
			name = LaunchScreen.storyboard;
			sourceTree = "<group>";
		};
/* End PBXVariantGroup section */

/* Begin XCBuildConfiguration section */
		5E9A5FCA21E37FD200FB12BD /* Debug */ = {
			isa = XCBuildConfiguration;
			buildSettings = {
				ALWAYS_SEARCH_USER_PATHS = NO;
				CLANG_ANALYZER_NONNULL = YES;
				CLANG_ANALYZER_NUMBER_OBJECT_CONVERSION = YES_AGGRESSIVE;
				CLANG_CXX_LANGUAGE_STANDARD = "gnu++14";
				CLANG_CXX_LIBRARY = "libc++";
				CLANG_ENABLE_MODULES = YES;
				CLANG_ENABLE_OBJC_ARC = YES;
				CLANG_ENABLE_OBJC_WEAK = YES;
				CLANG_WARN_BLOCK_CAPTURE_AUTORELEASING = YES;
				CLANG_WARN_BOOL_CONVERSION = YES;
				CLANG_WARN_COMMA = YES;
				CLANG_WARN_CONSTANT_CONVERSION = YES;
				CLANG_WARN_DEPRECATED_OBJC_IMPLEMENTATIONS = YES;
				CLANG_WARN_DIRECT_OBJC_ISA_USAGE = YES_ERROR;
				CLANG_WARN_DOCUMENTATION_COMMENTS = YES;
				CLANG_WARN_EMPTY_BODY = YES;
				CLANG_WARN_ENUM_CONVERSION = YES;
				CLANG_WARN_INFINITE_RECURSION = YES;
				CLANG_WARN_INT_CONVERSION = YES;
				CLANG_WARN_NON_LITERAL_NULL_CONVERSION = YES;
				CLANG_WARN_OBJC_IMPLICIT_RETAIN_SELF = YES;
				CLANG_WARN_OBJC_LITERAL_CONVERSION = YES;
				CLANG_WARN_OBJC_ROOT_CLASS = YES_ERROR;
				CLANG_WARN_RANGE_LOOP_ANALYSIS = YES;
				CLANG_WARN_STRICT_PROTOTYPES = YES;
				CLANG_WARN_SUSPICIOUS_MOVE = YES;
				CLANG_WARN_UNGUARDED_AVAILABILITY = YES_AGGRESSIVE;
				CLANG_WARN_UNREACHABLE_CODE = YES;
				CLANG_WARN__DUPLICATE_METHOD_MATCH = YES;
				CODE_SIGN_IDENTITY = "iPhone Developer";
				COPY_PHASE_STRIP = NO;
				DEBUG_INFORMATION_FORMAT = dwarf;
				ENABLE_STRICT_OBJC_MSGSEND = YES;
				ENABLE_TESTABILITY = YES;
				GCC_C_LANGUAGE_STANDARD = gnu11;
				GCC_DYNAMIC_NO_PIC = NO;
				GCC_NO_COMMON_BLOCKS = YES;
				GCC_OPTIMIZATION_LEVEL = 0;
				GCC_PREPROCESSOR_DEFINITIONS = (
					"DEBUG=1",
					"$(inherited)",
				);
				GCC_WARN_64_TO_32_BIT_CONVERSION = YES;
				GCC_WARN_ABOUT_RETURN_TYPE = YES_ERROR;
				GCC_WARN_UNDECLARED_SELECTOR = YES;
				GCC_WARN_UNINITIALIZED_AUTOS = YES_AGGRESSIVE;
				GCC_WARN_UNUSED_FUNCTION = YES;
				GCC_WARN_UNUSED_VARIABLE = YES;
				IPHONEOS_DEPLOYMENT_TARGET = 12.0;
				MTL_ENABLE_DEBUG_INFO = INCLUDE_SOURCE;
				MTL_FAST_MATH = YES;
				ONLY_ACTIVE_ARCH = YES;
				SDKROOT = iphoneos;
			};
			name = Debug;
		};
		5E9A5FCB21E37FD200FB12BD /* Release */ = {
			isa = XCBuildConfiguration;
			buildSettings = {
				ALWAYS_SEARCH_USER_PATHS = NO;
				CLANG_ANALYZER_NONNULL = YES;
				CLANG_ANALYZER_NUMBER_OBJECT_CONVERSION = YES_AGGRESSIVE;
				CLANG_CXX_LANGUAGE_STANDARD = "gnu++14";
				CLANG_CXX_LIBRARY = "libc++";
				CLANG_ENABLE_MODULES = YES;
				CLANG_ENABLE_OBJC_ARC = YES;
				CLANG_ENABLE_OBJC_WEAK = YES;
				CLANG_WARN_BLOCK_CAPTURE_AUTORELEASING = YES;
				CLANG_WARN_BOOL_CONVERSION = YES;
				CLANG_WARN_COMMA = YES;
				CLANG_WARN_CONSTANT_CONVERSION = YES;
				CLANG_WARN_DEPRECATED_OBJC_IMPLEMENTATIONS = YES;
				CLANG_WARN_DIRECT_OBJC_ISA_USAGE = YES_ERROR;
				CLANG_WARN_DOCUMENTATION_COMMENTS = YES;
				CLANG_WARN_EMPTY_BODY = YES;
				CLANG_WARN_ENUM_CONVERSION = YES;
				CLANG_WARN_INFINITE_RECURSION = YES;
				CLANG_WARN_INT_CONVERSION = YES;
				CLANG_WARN_NON_LITERAL_NULL_CONVERSION = YES;
				CLANG_WARN_OBJC_IMPLICIT_RETAIN_SELF = YES;
				CLANG_WARN_OBJC_LITERAL_CONVERSION = YES;
				CLANG_WARN_OBJC_ROOT_CLASS = YES_ERROR;
				CLANG_WARN_RANGE_LOOP_ANALYSIS = YES;
				CLANG_WARN_STRICT_PROTOTYPES = YES;
				CLANG_WARN_SUSPICIOUS_MOVE = YES;
				CLANG_WARN_UNGUARDED_AVAILABILITY = YES_AGGRESSIVE;
				CLANG_WARN_UNREACHABLE_CODE = YES;
				CLANG_WARN__DUPLICATE_METHOD_MATCH = YES;
				CODE_SIGN_IDENTITY = "iPhone Developer";
				COPY_PHASE_STRIP = NO;
				DEBUG_INFORMATION_FORMAT = "dwarf-with-dsym";
				ENABLE_NS_ASSERTIONS = NO;
				ENABLE_STRICT_OBJC_MSGSEND = YES;
				GCC_C_LANGUAGE_STANDARD = gnu11;
				GCC_NO_COMMON_BLOCKS = YES;
				GCC_WARN_64_TO_32_BIT_CONVERSION = YES;
				GCC_WARN_ABOUT_RETURN_TYPE = YES_ERROR;
				GCC_WARN_UNDECLARED_SELECTOR = YES;
				GCC_WARN_UNINITIALIZED_AUTOS = YES_AGGRESSIVE;
				GCC_WARN_UNUSED_FUNCTION = YES;
				GCC_WARN_UNUSED_VARIABLE = YES;
				IPHONEOS_DEPLOYMENT_TARGET = 12.0;
				MTL_ENABLE_DEBUG_INFO = NO;
				MTL_FAST_MATH = YES;
				SDKROOT = iphoneos;
				VALIDATE_PRODUCT = YES;
			};
			name = Release;
		};
		5E9A5FCD21E37FD200FB12BD /* Debug */ = {
			isa = XCBuildConfiguration;
			buildSettings = {
				ASSETCATALOG_COMPILER_APPICON_NAME = AppIcon;
				CODE_SIGN_STYLE = Automatic;
				DEVELOPMENT_TEAM = W75ATFEMU2;
				INFOPLIST_FILE = "APP启动/Info.plist";
				LD_RUNPATH_SEARCH_PATHS = (
					"$(inherited)",
					"@executable_path/Frameworks",
				);
				PRODUCT_BUNDLE_IDENTIFIER = "LJ.APP--";
				PRODUCT_NAME = "$(TARGET_NAME)";
				TARGETED_DEVICE_FAMILY = "1,2";
			};
			name = Debug;
		};
		5E9A5FCE21E37FD200FB12BD /* Release */ = {
			isa = XCBuildConfiguration;
			buildSettings = {
				ASSETCATALOG_COMPILER_APPICON_NAME = AppIcon;
				CODE_SIGN_STYLE = Automatic;
				DEVELOPMENT_TEAM = W75ATFEMU2;
				INFOPLIST_FILE = "APP启动/Info.plist";
				LD_RUNPATH_SEARCH_PATHS = (
					"$(inherited)",
					"@executable_path/Frameworks",
				);
				PRODUCT_BUNDLE_IDENTIFIER = "LJ.APP--";
				PRODUCT_NAME = "$(TARGET_NAME)";
				TARGETED_DEVICE_FAMILY = "1,2";
			};
			name = Release;
		};
		5E9A5FD021E37FD200FB12BD /* Debug */ = {
			isa = XCBuildConfiguration;
			buildSettings = {
				BUNDLE_LOADER = "$(TEST_HOST)";
				CODE_SIGN_STYLE = Automatic;
				DEVELOPMENT_TEAM = W75ATFEMU2;
				INFOPLIST_FILE = "APP启动Tests/Info.plist";
				LD_RUNPATH_SEARCH_PATHS = (
					"$(inherited)",
					"@executable_path/Frameworks",
					"@loader_path/Frameworks",
				);
				PRODUCT_BUNDLE_IDENTIFIER = "LJ.APP--Tests";
				PRODUCT_NAME = "$(TARGET_NAME)";
				TARGETED_DEVICE_FAMILY = "1,2";
				TEST_HOST = "$(BUILT_PRODUCTS_DIR)/APP启动.app/APP启动";
			};
			name = Debug;
		};
		5E9A5FD121E37FD200FB12BD /* Release */ = {
			isa = XCBuildConfiguration;
			buildSettings = {
				BUNDLE_LOADER = "$(TEST_HOST)";
				CODE_SIGN_STYLE = Automatic;
				DEVELOPMENT_TEAM = W75ATFEMU2;
				INFOPLIST_FILE = "APP启动Tests/Info.plist";
				LD_RUNPATH_SEARCH_PATHS = (
					"$(inherited)",
					"@executable_path/Frameworks",
					"@loader_path/Frameworks",
				);
				PRODUCT_BUNDLE_IDENTIFIER = "LJ.APP--Tests";
				PRODUCT_NAME = "$(TARGET_NAME)";
				TARGETED_DEVICE_FAMILY = "1,2";
				TEST_HOST = "$(BUILT_PRODUCTS_DIR)/APP启动.app/APP启动";
			};
			name = Release;
		};
		5E9A5FD321E37FD200FB12BD /* Debug */ = {
			isa = XCBuildConfiguration;
			buildSettings = {
				CODE_SIGN_STYLE = Automatic;
				DEVELOPMENT_TEAM = W75ATFEMU2;
				INFOPLIST_FILE = "APP启动UITests/Info.plist";
				LD_RUNPATH_SEARCH_PATHS = (
					"$(inherited)",
					"@executable_path/Frameworks",
					"@loader_path/Frameworks",
				);
				PRODUCT_BUNDLE_IDENTIFIER = "LJ.APP--UITests";
				PRODUCT_NAME = "$(TARGET_NAME)";
				TARGETED_DEVICE_FAMILY = "1,2";
				TEST_TARGET_NAME = "APP启动";
			};
			name = Debug;
		};
		5E9A5FD421E37FD200FB12BD /* Release */ = {
			isa = XCBuildConfiguration;
			buildSettings = {
				CODE_SIGN_STYLE = Automatic;
				DEVELOPMENT_TEAM = W75ATFEMU2;
				INFOPLIST_FILE = "APP启动UITests/Info.plist";
				LD_RUNPATH_SEARCH_PATHS = (
					"$(inherited)",
					"@executable_path/Frameworks",
					"@loader_path/Frameworks",
				);
				PRODUCT_BUNDLE_IDENTIFIER = "LJ.APP--UITests";
				PRODUCT_NAME = "$(TARGET_NAME)";
				TARGETED_DEVICE_FAMILY = "1,2";
				TEST_TARGET_NAME = "APP启动";
			};
			name = Release;
		};
/* End XCBuildConfiguration section */

/* Begin XCConfigurationList section */
		5E9A5F9B21E37FD100FB12BD /* Build configuration list for PBXProject "APP启动" */ = {
			isa = XCConfigurationList;
			buildConfigurations = (
				5E9A5FCA21E37FD200FB12BD /* Debug */,
				5E9A5FCB21E37FD200FB12BD /* Release */,
			);
			defaultConfigurationIsVisible = 0;
			defaultConfigurationName = Release;
		};
		5E9A5FCC21E37FD200FB12BD /* Build configuration list for PBXNativeTarget "APP启动" */ = {
			isa = XCConfigurationList;
			buildConfigurations = (
				5E9A5FCD21E37FD200FB12BD /* Debug */,
				5E9A5FCE21E37FD200FB12BD /* Release */,
			);
			defaultConfigurationIsVisible = 0;
			defaultConfigurationName = Release;
		};
		5E9A5FCF21E37FD200FB12BD /* Build configuration list for PBXNativeTarget "APP启动Tests" */ = {
			isa = XCConfigurationList;
			buildConfigurations = (
				5E9A5FD021E37FD200FB12BD /* Debug */,
				5E9A5FD121E37FD200FB12BD /* Release */,
			);
			defaultConfigurationIsVisible = 0;
			defaultConfigurationName = Release;
		};
		5E9A5FD221E37FD200FB12BD /* Build configuration list for PBXNativeTarget "APP启动UITests" */ = {
			isa = XCConfigurationList;
			buildConfigurations = (
				5E9A5FD321E37FD200FB12BD /* Debug */,
				5E9A5FD421E37FD200FB12BD /* Release */,
			);
			defaultConfigurationIsVisible = 0;
			defaultConfigurationName = Release;
		};
/* End XCConfigurationList section */
	};
	rootObject = 5E9A5F9821E37FD100FB12BD /* Project object */;
}
